
Microsoft Visual Studio Solution File, Format Version 12.00
# Visual Studio Version 17
VisualStudioVersion = 17.7.34024.191
MinimumVisualStudioVersion = 10.0.40219.1
Project("{888888A0-9F3D-457C-B088-3A5042F75D52}") = "Studienarbeit_ML", "Studienarbeit_ML.pyproj", "{F930A57B-2263-4C99-B17D-F13A7BE2209C}"
EndProject
Global
	GlobalSection(SolutionConfigurationPlatforms) = preSolution
		Debug|Any CPU = Debug|Any CPU
		Release|Any CPU = Release|Any CPU
	EndGlobalSection
	GlobalSection(ProjectConfigurationPlatforms) = postSolution
		{F930A57B-2263-4C99-B17D-F13A7BE2209C}.Debug|Any CPU.ActiveCfg = Debug|Any CPU
		{F930A57B-2263-4C99-B17D-F13A7BE2209C}.Release|Any CPU.ActiveCfg = Release|Any CPU
	EndGlobalSection
	GlobalSection(SolutionProperties) = preSolution
		HideSolutionNode = FALSE
	EndGlobalSection
	GlobalSection(ExtensibilityGlobals) = postSolution
		SolutionGuid = {4C35E542-35F2-4D8C-A30E-B66E93B354BA}
	EndGlobalSection
EndGlobal
